github.com/google/go-cmp v0.7.0 h1:wk8382ETsv4JYUZwIsn6YpYiWiBsYLSJiTsyBybVuN8=
github.com/google/go-cmp v0.7.0/go.mod h1:pXiqmnSA92OHEEa9HXL2W4E7lf9JzCmGVUdgjX3N/iU=
github.com/google/uuid v1.6.0 h1:NIvaJDMOsjHA8n1jAhLSgzrAzy1Hgr+hNrb57e+94F0=
github.com/google/uuid v1.6.0/go.mod h1:TIyPZe4MgqvfeYDBFedMoGGpEw/LqOeaOT+nhxU+yHo=
github.com/lib/pq v1.11.2 h1:x6gxUeu39V0BHZiugWe8LXZYZ+Utk7hSJGThs8sdzfs=
github.com/lib/pq v1.11.2/go.mod h1:/p+8NSbOcwzAEI7wiMXFlgydTwcgTr3OSKMsD2BitpA=
github.com/saichler/l8bus v0.0.0-20260211144017-401cc56ba05a h1:S5Z40dPiGwUQTTBBH+9DkkreDP9W8uL5SX7url3ABJE=
github.com/saichler/l8bus v0.0.0-20260211144017-401cc56ba05a/go.mod h1:ZK1m4Zqy9WhGVZXl5znHTr7+/r19rOytqwBqhH02Ui8=
github.com/saichler/l8logfusion v0.0.0-20260211141533-554cf59367fe h1:Yf5UxPCPm31Zregs6X8Yiw1Y059iAVpvGvyCE2B5Dkk=
github.com/saichler/l8logfusion v0.0.0-20260211141533-554cf59367fe/go.mod h1:EhJL938t2Xp4gOS6qw267xa5hNuumSVUi1zhWzTxZk8=
github.com/saichler/l8orm v0.0.0-20260208014638-2181816e7e6e h1:S0ysWDbmZ533rAASBajNJuoFJNLwGtcP3mhhi2+HyIg=
github.com/saichler/l8orm v0.0.0-20260208014638-2181816e7e6e/go.mod h1:FYnievTs9ZZ3WE8pjDC1y2Mu+SnNJa7rPY5q1LJbn+A=
github.com/saichler/l8pollaris v0.0.0-20260119010959-41c5652248d4 h1:tzEJuREee13tUkNJeXPhi7o/oqpXAHElIOMZ8sTuLA0=
github.com/saichler/l8pollaris v0.0.0-20260119010959-41c5652248d4/go.mod h1:rKrN5hhpgU8hjfPZ6R8/iYN7UWhTZ4t168jcwa9HVMQ=
github.com/saichler/l8ql v0.0.0-20260203044230-734f2adb910e h1:/ngH/hUocOOAj1UU1bVcS6CC6ptZbpHFIJ9tR7Ixx9o=
github.com/saichler/l8ql v0.0.0-20260203044230-734f2adb910e/go.mod h1:boBPUwEYgpyyTcZcqqjDDYgqkjemEO7iR8kdOwkS1S0=
github.com/saichler/l8reflect v0.0.0-20260207071228-7e15048436c7 h1:NoT+Qum0SwI+MxqelSgBqlv0S+ikrKEaY0Mj8BniiUA=
github.com/saichler/l8reflect v0.0.0-20260207071228-7e15048436c7/go.mod h1:yCkCd5JQKqKG+dr6h0HYDiLvNAB8uLUUOdWApnWUw24=
github.com/saichler/l8services v0.0.0-20260116142809-b257a28b21ee h1:iBoL9MLYlq4EsVZOsGX06lLPfpkT+Kqa6Qlld2B6r9U=
github.com/saichler/l8services v0.0.0-20260116142809-b257a28b21ee/go.mod h1:9c3fnIfjQmQ4kyk5Nm3+LsrRWOwmbXvIzK2Xmjf8f1c=
github.com/saichler/l8srlz v0.0.0-20251226163123-de32dc54dd4b h1:Hqep80S1do7Zfe0w62xHj5t++Nn1SXz5zBkgWlBSRwE=
github.com/saichler/l8srlz v0.0.0-20251226163123-de32dc54dd4b/go.mod h1:uDYNwF/5JUA39cg47kX8k+Qh5sI5WjfxgrfmCX5zmwo=
github.com/saichler/l8test v0.0.0-20260211144346-d5d15efbde4f h1:swdxgTPL3q8LYyKwFcrgOz0h9pPNqYupSjD3HwMG4lo=
github.com/saichler/l8test v0.0.0-20260211144346-d5d15efbde4f/go.mod h1:C4B8Zpv0L/Di/qB0lOWHOXF3r3Pz/6Oabu730TthWsc=
github.com/saichler/l8types v0.0.0-20260219171455-153ea0a42eb8 h1:f5S8KE2oIrINtE9LuZje46w7V/i2TOtQ92y3bvQfKlk=
github.com/saichler/l8types v0.0.0-20260219171455-153ea0a42eb8/go.mod h1:0+Snl9PYq+caqTu6OBVaw7mQVn0TrRY9OJz+GelHuM4=
github.com/saichler/l8utils v0.0.0-20260211151437-9b2ec4a159ae h1:llccLrKXvU3TdoXFaejfxBA5mkjWlRKcaCXN90CR7kA=
github.com/saichler/l8utils v0.0.0-20260211151437-9b2ec4a159ae/go.mod h1:nKdvYAEGLyHfxPg09oR6OfkJ0SniSbPb+Zi6wr/D5LU=
github.com/saichler/l8web v0.0.0-20260204165802-d6f2d5aa5439 h1:+ScHVjXamHV2Ef8JtiH60EgPiABCd5IDQVGy+6tAs80=
github.com/saichler/l8web v0.0.0-20260204165802-d6f2d5aa5439/go.mod h1:r2j6dgKs41L+dwaSh3hQ9OJN0RnQP0C8NWxAbAn+c8c=
github.com/saichler/probler v0.0.0-20260211150608-8d3d98af934b h1:2ggsP93t5F0z0dkxxZVz3+at5uTwIMvbWR/u5WNDVOk=
github.com/saichler/probler v0.0.0-20260211150608-8d3d98af934b/go.mod h1:3SmozVci2+FIzlQkm7PuXcUxfG8Qjc+Nml1/0AJPQrc=
golang.org/x/sys v0.41.0 h1:Ivj+2Cp/ylzLiEU89QhWblYnOE9zerudt9Ftecq2C6k=
golang.org/x/sys v0.41.0/go.mod h1:OgkHotnGiDImocRcuBABYBEXf8A9a87e/uXjp9XT3ks=
google.golang.org/protobuf v1.36.11 h1:fV6ZwhNocDyBLK0dj+fg8ektcVegBBuEolpbTQyBNVE=
google.golang.org/protobuf v1.36.11/go.mod h1:HTf+CrKn2C3g5S8VImy6tdcUvCska2kB7j23XfzDpco=
